PODS:
  - AnobiKit (0.1.16)
  - ASGraphQLClient (0.1.0):
    - AnobiKit (~> 0.1.16)

DEPENDENCIES:
  - ASGraphQLClient (from `../`)

EXTERNAL SOURCES:
  ASGraphQLClient:
    :path: ../

SPEC CHECKSUMS:
  AnobiKit: 6964a898beeed5fe0ee9efa26bfbd3e86fb0cb6b
  ASGraphQLClient: 3dd8cc0e5fdff9bcb7fa645852d338befdff9d88

PODFILE CHECKSUM: 6ef3253546c9bf51240aebf79f9f89128b980495

COCOAPODS: 1.4.0.beta.2
