PODS:
  - AnobiKit (0.1.14)
  - ASGraphQLClient (0.0.8):
    - AnobiKit (~> 0.1.14)

DEPENDENCIES:
  - ASGraphQLClient (from `../`)

EXTERNAL SOURCES:
  ASGraphQLClient:
    :path: ../

SPEC CHECKSUMS:
  AnobiKit: aa66dfb223a49427a1875acf3d19486acbce1a8f
  ASGraphQLClient: 750b088cae69fa7c94ec01d351e0aef55e336213

PODFILE CHECKSUM: 6ef3253546c9bf51240aebf79f9f89128b980495

COCOAPODS: 1.4.0.beta.2
